
Microsoft Visual Studio Solution File, Format Version 12.00
# Visual Studio 15
VisualStudioVersion = 15.0.28307.421
MinimumVisualStudioVersion = 10.0.40219.1
Project("{FAE04EC0-301F-11D3-BF4B-00C04F79EFBC}") = "StringIO_TextView", "StringIO_TextView\StringIO_TextView.csproj", "{C489ADB5-1D0B-4F8D-BFAF-E8519B2F406B}"
EndProject
Global
	GlobalSection(SolutionConfigurationPlatforms) = preSolution
		Debug|Any CPU = Debug|Any CPU
		Release|Any CPU = Release|Any CPU
	EndGlobalSection
	GlobalSection(ProjectConfigurationPlatforms) = postSolution
		{C489ADB5-1D0B-4F8D-BFAF-E8519B2F406B}.Debug|Any CPU.ActiveCfg = Debug|Any CPU
		{C489ADB5-1D0B-4F8D-BFAF-E8519B2F406B}.Debug|Any CPU.Build.0 = Debug|Any CPU
		{C489ADB5-1D0B-4F8D-BFAF-E8519B2F406B}.Release|Any CPU.ActiveCfg = Release|Any CPU
		{C489ADB5-1D0B-4F8D-BFAF-E8519B2F406B}.Release|Any CPU.Build.0 = Release|Any CPU
	EndGlobalSection
	GlobalSection(SolutionProperties) = preSolution
		HideSolutionNode = FALSE
	EndGlobalSection
	GlobalSection(ExtensibilityGlobals) = postSolution
		SolutionGuid = {83E8CA92-DFF7-4FDE-9389-8242384EDC4A}
	EndGlobalSection
EndGlobal
